
Microsoft Visual Studio Solution File, Format Version 12.00
# Visual Studio Version 17
VisualStudioVersion = 17.14.36119.2 d17.14
MinimumVisualStudioVersion = 10.0.40219.1
Project("{FAE04EC0-301F-11D3-BF4B-00C04F79EFBC}") = "ExternalDriveDupeDeleter", "ExternalDriveDupeDeleter.csproj", "{AD4E0FF2-763B-21B7-4E67-2E8E7C899026}"
EndProject
Global
	GlobalSection(SolutionConfigurationPlatforms) = preSolution
		Debug|Any CPU = Debug|Any CPU
		Release|Any CPU = Release|Any CPU
	EndGlobalSection
	GlobalSection(ProjectConfigurationPlatforms) = postSolution
		{AD4E0FF2-763B-21B7-4E67-2E8E7C899026}.Debug|Any CPU.ActiveCfg = Debug|Any CPU
		{AD4E0FF2-763B-21B7-4E67-2E8E7C899026}.Debug|Any CPU.Build.0 = Debug|Any CPU
		{AD4E0FF2-763B-21B7-4E67-2E8E7C899026}.Release|Any CPU.ActiveCfg = Release|Any CPU
		{AD4E0FF2-763B-21B7-4E67-2E8E7C899026}.Release|Any CPU.Build.0 = Release|Any CPU
	EndGlobalSection
	GlobalSection(SolutionProperties) = preSolution
		HideSolutionNode = FALSE
	EndGlobalSection
	GlobalSection(ExtensibilityGlobals) = postSolution
		SolutionGuid = {897172CA-6257-442A-8EE0-3F58E0DFD941}
	EndGlobalSection
EndGlobal
